// !$*UTF8*$!
{
	archiveVersion = 1;
	classes = {
	};
	objectVersion = 56;
	objects = {

/* Begin PBXBuildFile section */
		4689D1982C2C1CDD00CE21B6 /* ProfileView.swift in Sources */ = {isa = PBXBuildFile; fileRef = 4689D1972C2C1CDD00CE21B6 /* ProfileView.swift */; };
		4689D19A2C2C1CF600CE21B6 /* HomeView.swift in Sources */ = {isa = PBXBuildFile; fileRef = 4689D1992C2C1CF600CE21B6 /* HomeView.swift */; };
		4689D19C2C2C207C00CE21B6 /* User.swift in Sources */ = {isa = PBXBuildFile; fileRef = 4689D19B2C2C207C00CE21B6 /* User.swift */; };
		4689D19E2C2C22FC00CE21B6 /* ProfileActionRow.swift in Sources */ = {isa = PBXBuildFile; fileRef = 4689D19D2C2C22FC00CE21B6 /* ProfileActionRow.swift */; };
		46CFAF5B2C2AA02200945928 /* ecommerceAppApp.swift in Sources */ = {isa = PBXBuildFile; fileRef = 46CFAF5A2C2AA02200945928 /* ecommerceAppApp.swift */; };
		46CFAF5D2C2AA02200945928 /* ContentView.swift in Sources */ = {isa = PBXBuildFile; fileRef = 46CFAF5C2C2AA02200945928 /* ContentView.swift */; };
		46CFAF5F2C2AA02300945928 /* Assets.xcassets in Resources */ = {isa = PBXBuildFile; fileRef = 46CFAF5E2C2AA02300945928 /* Assets.xcassets */; };
		46CFAF622C2AA02300945928 /* Preview Assets.xcassets in Resources */ = {isa = PBXBuildFile; fileRef = 46CFAF612C2AA02300945928 /* Preview Assets.xcassets */; };
		46CFAF6A2C2AA1C300945928 /* Product.swift in Sources */ = {isa = PBXBuildFile; fileRef = 46CFAF692C2AA1C300945928 /* Product.swift */; };
		46CFAF6D2C2AA30200945928 /* ProductCard.swift in Sources */ = {isa = PBXBuildFile; fileRef = 46CFAF6C2C2AA30200945928 /* ProductCard.swift */; };
		46CFAF702C2AA7BF00945928 /* CartButton.swift in Sources */ = {isa = PBXBuildFile; fileRef = 46CFAF6F2C2AA7BF00945928 /* CartButton.swift */; };
		46CFAF722C2AA94500945928 /* CartView.swift in Sources */ = {isa = PBXBuildFile; fileRef = 46CFAF712C2AA94500945928 /* CartView.swift */; };
		46CFAF762C2AAB4300945928 /* CartManager.swift in Sources */ = {isa = PBXBuildFile; fileRef = 46CFAF752C2AAB4300945928 /* CartManager.swift */; };
		46CFAF782C2AADF400945928 /* ProductRow.swift in Sources */ = {isa = PBXBuildFile; fileRef = 46CFAF772C2AADF400945928 /* ProductRow.swift */; };
/* End PBXBuildFile section */

/* Begin PBXFileReference section */
		4689D1972C2C1CDD00CE21B6 /* ProfileView.swift */ = {isa = PBXFileReference; lastKnownFileType = sourcecode.swift; path = ProfileView.swift; sourceTree = "<group>"; };
		4689D1992C2C1CF600CE21B6 /* HomeView.swift */ = {isa = PBXFileReference; lastKnownFileType = sourcecode.swift; path = HomeView.swift; sourceTree = "<group>"; };
		4689D19B2C2C207C00CE21B6 /* User.swift */ = {isa = PBXFileReference; lastKnownFileType = sourcecode.swift; path = User.swift; sourceTree = "<group>"; };
		4689D19D2C2C22FC00CE21B6 /* ProfileActionRow.swift */ = {isa = PBXFileReference; lastKnownFileType = sourcecode.swift; path = ProfileActionRow.swift; sourceTree = "<group>"; };
		46CFAF572C2AA02200945928 /* ecommerceApp.app */ = {isa = PBXFileReference; explicitFileType = wrapper.application; includeInIndex = 0; path = ecommerceApp.app; sourceTree = BUILT_PRODUCTS_DIR; };
		46CFAF5A2C2AA02200945928 /* ecommerceAppApp.swift */ = {isa = PBXFileReference; lastKnownFileType = sourcecode.swift; path = ecommerceAppApp.swift; sourceTree = "<group>"; };
		46CFAF5C2C2AA02200945928 /* ContentView.swift */ = {isa = PBXFileReference; lastKnownFileType = sourcecode.swift; path = ContentView.swift; sourceTree = "<group>"; };
		46CFAF5E2C2AA02300945928 /* Assets.xcassets */ = {isa = PBXFileReference; lastKnownFileType = folder.assetcatalog; path = Assets.xcassets; sourceTree = "<group>"; };
		46CFAF612C2AA02300945928 /* Preview Assets.xcassets */ = {isa = PBXFileReference; lastKnownFileType = folder.assetcatalog; path = "Preview Assets.xcassets"; sourceTree = "<group>"; };
		46CFAF692C2AA1C300945928 /* Product.swift */ = {isa = PBXFileReference; lastKnownFileType = sourcecode.swift; path = Product.swift; sourceTree = "<group>"; };
		46CFAF6C2C2AA30200945928 /* ProductCard.swift */ = {isa = PBXFileReference; lastKnownFileType = sourcecode.swift; path = ProductCard.swift; sourceTree = "<group>"; };
		46CFAF6F2C2AA7BF00945928 /* CartButton.swift */ = {isa = PBXFileReference; lastKnownFileType = sourcecode.swift; path = CartButton.swift; sourceTree = "<group>"; };
		46CFAF712C2AA94500945928 /* CartView.swift */ = {isa = PBXFileReference; lastKnownFileType = sourcecode.swift; path = CartView.swift; sourceTree = "<group>"; };
		46CFAF752C2AAB4300945928 /* CartManager.swift */ = {isa = PBXFileReference; lastKnownFileType = sourcecode.swift; path = CartManager.swift; sourceTree = "<group>"; };
		46CFAF772C2AADF400945928 /* ProductRow.swift */ = {isa = PBXFileReference; lastKnownFileType = sourcecode.swift; path = ProductRow.swift; sourceTree = "<group>"; };
/* End PBXFileReference section */

/* Begin PBXFrameworksBuildPhase section */
		46CFAF542C2AA02200945928 /* Frameworks */ = {
			isa = PBXFrameworksBuildPhase;
			buildActionMask = 2147483647;
			files = (
			);
			runOnlyForDeploymentPostprocessing = 0;
		};
/* End PBXFrameworksBuildPhase section */

/* Begin PBXGroup section */
		46CFAF4E2C2AA02200945928 = {
			isa = PBXGroup;
			children = (
				46CFAF592C2AA02200945928 /* ecommerceApp */,
				46CFAF582C2AA02200945928 /* Products */,
			);
			sourceTree = "<group>";
		};
		46CFAF582C2AA02200945928 /* Products */ = {
			isa = PBXGroup;
			children = (
				46CFAF572C2AA02200945928 /* ecommerceApp.app */,
			);
			name = Products;
			sourceTree = "<group>";
		};
		46CFAF592C2AA02200945928 /* ecommerceApp */ = {
			isa = PBXGroup;
			children = (
				46CFAF5A2C2AA02200945928 /* ecommerceAppApp.swift */,
				46CFAF6E2C2AA5EF00945928 /* Views */,
				46CFAF6B2C2AA2EB00945928 /* Components */,
				46CFAF682C2AA1A200945928 /* Models */,
				46CFAF5E2C2AA02300945928 /* Assets.xcassets */,
				46CFAF602C2AA02300945928 /* Preview Content */,
				46CFAF752C2AAB4300945928 /* CartManager.swift */,
			);
			path = ecommerceApp;
			sourceTree = "<group>";
		};
		46CFAF602C2AA02300945928 /* Preview Content */ = {
			isa = PBXGroup;
			children = (
				46CFAF612C2AA02300945928 /* Preview Assets.xcassets */,
			);
			path = "Preview Content";
			sourceTree = "<group>";
		};
		46CFAF682C2AA1A200945928 /* Models */ = {
			isa = PBXGroup;
			children = (
				46CFAF692C2AA1C300945928 /* Product.swift */,
				4689D19B2C2C207C00CE21B6 /* User.swift */,
			);
			path = Models;
			sourceTree = "<group>";
		};
		46CFAF6B2C2AA2EB00945928 /* Components */ = {
			isa = PBXGroup;
			children = (
				46CFAF6C2C2AA30200945928 /* ProductCard.swift */,
				46CFAF6F2C2AA7BF00945928 /* CartButton.swift */,
				46CFAF772C2AADF400945928 /* ProductRow.swift */,
				4689D19D2C2C22FC00CE21B6 /* ProfileActionRow.swift */,
			);
			path = Components;
			sourceTree = "<group>";
		};
		46CFAF6E2C2AA5EF00945928 /* Views */ = {
			isa = PBXGroup;
			children = (
				46CFAF5C2C2AA02200945928 /* ContentView.swift */,
				46CFAF712C2AA94500945928 /* CartView.swift */,
				4689D1972C2C1CDD00CE21B6 /* ProfileView.swift */,
				4689D1992C2C1CF600CE21B6 /* HomeView.swift */,
			);
			path = Views;
			sourceTree = "<group>";
		};
/* End PBXGroup section */

/* Begin PBXNativeTarget section */
		46CFAF562C2AA02200945928 /* ecommerceApp */ = {
			isa = PBXNativeTarget;
			buildConfigurationList = 46CFAF652C2AA02300945928 /* Build configuration list for PBXNativeTarget "ecommerceApp" */;
			buildPhases = (
				46CFAF532C2AA02200945928 /* Sources */,
				46CFAF542C2AA02200945928 /* Frameworks */,
				46CFAF552C2AA02200945928 /* Resources */,
			);
			buildRules = (
			);
			dependencies = (
			);
			name = ecommerceApp;
			productName = ecommerceApp;
			productReference = 46CFAF572C2AA02200945928 /* ecommerceApp.app */;
			productType = "com.apple.product-type.application";
		};
/* End PBXNativeTarget section */

/* Begin PBXProject section */
		46CFAF4F2C2AA02200945928 /* Project object */ = {
			isa = PBXProject;
			attributes = {
				BuildIndependentTargetsInParallel = 1;
				LastSwiftUpdateCheck = 1530;
				LastUpgradeCheck = 1530;
				TargetAttributes = {
					46CFAF562C2AA02200945928 = {
						CreatedOnToolsVersion = 15.3;
					};
				};
			};
			buildConfigurationList = 46CFAF522C2AA02200945928 /* Build configuration list for PBXProject "ecommerceApp" */;
			compatibilityVersion = "Xcode 14.0";
			developmentRegion = en;
			hasScannedForEncodings = 0;
			knownRegions = (
				en,
				Base,
			);
			mainGroup = 46CFAF4E2C2AA02200945928;
			productRefGroup = 46CFAF582C2AA02200945928 /* Products */;
			projectDirPath = "";
			projectRoot = "";
			targets = (
				46CFAF562C2AA02200945928 /* ecommerceApp */,
			);
		};
/* End PBXProject section */

/* Begin PBXResourcesBuildPhase section */
		46CFAF552C2AA02200945928 /* Resources */ = {
			isa = PBXResourcesBuildPhase;
			buildActionMask = 2147483647;
			files = (
				46CFAF622C2AA02300945928 /* Preview Assets.xcassets in Resources */,
				46CFAF5F2C2AA02300945928 /* Assets.xcassets in Resources */,
			);
			runOnlyForDeploymentPostprocessing = 0;
		};
/* End PBXResourcesBuildPhase section */

/* Begin PBXSourcesBuildPhase section */
		46CFAF532C2AA02200945928 /* Sources */ = {
			isa = PBXSourcesBuildPhase;
			buildActionMask = 2147483647;
			files = (
				4689D19E2C2C22FC00CE21B6 /* ProfileActionRow.swift in Sources */,
				46CFAF722C2AA94500945928 /* CartView.swift in Sources */,
				4689D1982C2C1CDD00CE21B6 /* ProfileView.swift in Sources */,
				46CFAF5D2C2AA02200945928 /* ContentView.swift in Sources */,
				4689D19A2C2C1CF600CE21B6 /* HomeView.swift in Sources */,
				46CFAF762C2AAB4300945928 /* CartManager.swift in Sources */,
				46CFAF5B2C2AA02200945928 /* ecommerceAppApp.swift in Sources */,
				46CFAF782C2AADF400945928 /* ProductRow.swift in Sources */,
				46CFAF6A2C2AA1C300945928 /* Product.swift in Sources */,
				46CFAF6D2C2AA30200945928 /* ProductCard.swift in Sources */,
				46CFAF702C2AA7BF00945928 /* CartButton.swift in Sources */,
				4689D19C2C2C207C00CE21B6 /* User.swift in Sources */,
			);
			runOnlyForDeploymentPostprocessing = 0;
		};
/* End PBXSourcesBuildPhase section */

/* Begin XCBuildConfiguration section */
		46CFAF632C2AA02300945928 /* Debug */ = {
			isa = XCBuildConfiguration;
			buildSettings = {
				ALWAYS_SEARCH_USER_PATHS = NO;
				ASSETCATALOG_COMPILER_GENERATE_SWIFT_ASSET_SYMBOL_EXTENSIONS = YES;
				CLANG_ANALYZER_NONNULL = YES;
				CLANG_ANALYZER_NUMBER_OBJECT_CONVERSION = YES_AGGRESSIVE;
				CLANG_CXX_LANGUAGE_STANDARD = "gnu++20";
				CLANG_ENABLE_MODULES = YES;
				CLANG_ENABLE_OBJC_ARC = YES;
				CLANG_ENABLE_OBJC_WEAK = YES;
				CLANG_WARN_BLOCK_CAPTURE_AUTORELEASING = YES;
				CLANG_WARN_BOOL_CONVERSION = YES;
				CLANG_WARN_COMMA = YES;
				CLANG_WARN_CONSTANT_CONVERSION = YES;
				CLANG_WARN_DEPRECATED_OBJC_IMPLEMENTATIONS = YES;
				CLANG_WARN_DIRECT_OBJC_ISA_USAGE = YES_ERROR;
				CLANG_WARN_DOCUMENTATION_COMMENTS = YES;
				CLANG_WARN_EMPTY_BODY = YES;
				CLANG_WARN_ENUM_CONVERSION = YES;
				CLANG_WARN_INFINITE_RECURSION = YES;
				CLANG_WARN_INT_CONVERSION = YES;
				CLANG_WARN_NON_LITERAL_NULL_CONVERSION = YES;
				CLANG_WARN_OBJC_IMPLICIT_RETAIN_SELF = YES;
				CLANG_WARN_OBJC_LITERAL_CONVERSION = YES;
				CLANG_WARN_OBJC_ROOT_CLASS = YES_ERROR;
				CLANG_WARN_QUOTED_INCLUDE_IN_FRAMEWORK_HEADER = YES;
				CLANG_WARN_RANGE_LOOP_ANALYSIS = YES;
				CLANG_WARN_STRICT_PROTOTYPES = YES;
				CLANG_WARN_SUSPICIOUS_MOVE = YES;
				CLANG_WARN_UNGUARDED_AVAILABILITY = YES_AGGRESSIVE;
				CLANG_WARN_UNREACHABLE_CODE = YES;
				CLANG_WARN__DUPLICATE_METHOD_MATCH = YES;
				COPY_PHASE_STRIP = NO;
				DEBUG_INFORMATION_FORMAT = dwarf;
				ENABLE_STRICT_OBJC_MSGSEND = YES;
				ENABLE_TESTABILITY = YES;
				ENABLE_USER_SCRIPT_SANDBOXING = YES;
				GCC_C_LANGUAGE_STANDARD = gnu17;
				GCC_DYNAMIC_NO_PIC = NO;
				GCC_NO_COMMON_BLOCKS = YES;
				GCC_OPTIMIZATION_LEVEL = 0;
				GCC_PREPROCESSOR_DEFINITIONS = (
					"DEBUG=1",
					"$(inherited)",
				);
				GCC_WARN_64_TO_32_BIT_CONVERSION = YES;
				GCC_WARN_ABOUT_RETURN_TYPE = YES_ERROR;
				GCC_WARN_UNDECLARED_SELECTOR = YES;
				GCC_WARN_UNINITIALIZED_AUTOS = YES_AGGRESSIVE;
				GCC_WARN_UNUSED_FUNCTION = YES;
				GCC_WARN_UNUSED_VARIABLE = YES;
				IPHONEOS_DEPLOYMENT_TARGET = 17.4;
				LOCALIZATION_PREFERS_STRING_CATALOGS = YES;
				MTL_ENABLE_DEBUG_INFO = INCLUDE_SOURCE;
				MTL_FAST_MATH = YES;
				ONLY_ACTIVE_ARCH = YES;
				SDKROOT = iphoneos;
				SWIFT_ACTIVE_COMPILATION_CONDITIONS = "DEBUG $(inherited)";
				SWIFT_OPTIMIZATION_LEVEL = "-Onone";
			};
			name = Debug;
		};
		46CFAF642C2AA02300945928 /* Release */ = {
			isa = XCBuildConfiguration;
			buildSettings = {
				ALWAYS_SEARCH_USER_PATHS = NO;
				ASSETCATALOG_COMPILER_GENERATE_SWIFT_ASSET_SYMBOL_EXTENSIONS = YES;
				CLANG_ANALYZER_NONNULL = YES;
				CLANG_ANALYZER_NUMBER_OBJECT_CONVERSION = YES_AGGRESSIVE;
				CLANG_CXX_LANGUAGE_STANDARD = "gnu++20";
				CLANG_ENABLE_MODULES = YES;
				CLANG_ENABLE_OBJC_ARC = YES;
				CLANG_ENABLE_OBJC_WEAK = YES;
				CLANG_WARN_BLOCK_CAPTURE_AUTORELEASING = YES;
				CLANG_WARN_BOOL_CONVERSION = YES;
				CLANG_WARN_COMMA = YES;
				CLANG_WARN_CONSTANT_CONVERSION = YES;
				CLANG_WARN_DEPRECATED_OBJC_IMPLEMENTATIONS = YES;
				CLANG_WARN_DIRECT_OBJC_ISA_USAGE = YES_ERROR;
				CLANG_WARN_DOCUMENTATION_COMMENTS = YES;
				CLANG_WARN_EMPTY_BODY = YES;
				CLANG_WARN_ENUM_CONVERSION = YES;
				CLANG_WARN_INFINITE_RECURSION = YES;
				CLANG_WARN_INT_CONVERSION = YES;
				CLANG_WARN_NON_LITERAL_NULL_CONVERSION = YES;
				CLANG_WARN_OBJC_IMPLICIT_RETAIN_SELF = YES;
				CLANG_WARN_OBJC_LITERAL_CONVERSION = YES;
				CLANG_WARN_OBJC_ROOT_CLASS = YES_ERROR;
				CLANG_WARN_QUOTED_INCLUDE_IN_FRAMEWORK_HEADER = YES;
				CLANG_WARN_RANGE_LOOP_ANALYSIS = YES;
				CLANG_WARN_STRICT_PROTOTYPES = YES;
				CLANG_WARN_SUSPICIOUS_MOVE = YES;
				CLANG_WARN_UNGUARDED_AVAILABILITY = YES_AGGRESSIVE;
				CLANG_WARN_UNREACHABLE_CODE = YES;
				CLANG_WARN__DUPLICATE_METHOD_MATCH = YES;
				COPY_PHASE_STRIP = NO;
				DEBUG_INFORMATION_FORMAT = "dwarf-with-dsym";
				ENABLE_NS_ASSERTIONS = NO;
				ENABLE_STRICT_OBJC_MSGSEND = YES;
				ENABLE_USER_SCRIPT_SANDBOXING = YES;
				GCC_C_LANGUAGE_STANDARD = gnu17;
				GCC_NO_COMMON_BLOCKS = YES;
				GCC_WARN_64_TO_32_BIT_CONVERSION = YES;
				GCC_WARN_ABOUT_RETURN_TYPE = YES_ERROR;
				GCC_WARN_UNDECLARED_SELECTOR = YES;
				GCC_WARN_UNINITIALIZED_AUTOS = YES_AGGRESSIVE;
				GCC_WARN_UNUSED_FUNCTION = YES;
				GCC_WARN_UNUSED_VARIABLE = YES;
				IPHONEOS_DEPLOYMENT_TARGET = 17.4;
				LOCALIZATION_PREFERS_STRING_CATALOGS = YES;
				MTL_ENABLE_DEBUG_INFO = NO;
				MTL_FAST_MATH = YES;
				SDKROOT = iphoneos;
				SWIFT_COMPILATION_MODE = wholemodule;
				VALIDATE_PRODUCT = YES;
			};
			name = Release;
		};
		46CFAF662C2AA02300945928 /* Debug */ = {
			isa = XCBuildConfiguration;
			buildSettings = {
				ASSETCATALOG_COMPILER_APPICON_NAME = AppIcon;
				ASSETCATALOG_COMPILER_GLOBAL_ACCENT_COLOR_NAME = AccentColor;
				CODE_SIGN_STYLE = Automatic;
				CURRENT_PROJECT_VERSION = 1;
				DEVELOPMENT_ASSET_PATHS = "\"ecommerceApp/Preview Content\"";
				DEVELOPMENT_TEAM = 6H6VG8LT3A;
				ENABLE_PREVIEWS = YES;
				GENERATE_INFOPLIST_FILE = YES;
				INFOPLIST_KEY_CFBundleDisplayName = Ecommerce;
				INFOPLIST_KEY_UIApplicationSceneManifest_Generation = YES;
				INFOPLIST_KEY_UIApplicationSupportsIndirectInputEvents = YES;
				INFOPLIST_KEY_UILaunchScreen_Generation = YES;
				INFOPLIST_KEY_UISupportedInterfaceOrientations_iPad = "UIInterfaceOrientationPortrait UIInterfaceOrientationPortraitUpsideDown UIInterfaceOrientationLandscapeLeft UIInterfaceOrientationLandscapeRight";
				INFOPLIST_KEY_UISupportedInterfaceOrientations_iPhone = "UIInterfaceOrientationPortrait UIInterfaceOrientationLandscapeLeft UIInterfaceOrientationLandscapeRight";
				LD_RUNPATH_SEARCH_PATHS = (
					"$(inherited)",
					"@executable_path/Frameworks",
				);
				MARKETING_VERSION = 1.0;
				PRODUCT_BUNDLE_IDENTIFIER = com.innonexus.ecommerceApp;
				PRODUCT_NAME = "$(TARGET_NAME)";
				SWIFT_EMIT_LOC_STRINGS = YES;
				SWIFT_VERSION = 5.0;
				TARGETED_DEVICE_FAMILY = "1,2";
			};
			name = Debug;
		};
		46CFAF672C2AA02300945928 /* Release */ = {
			isa = XCBuildConfiguration;
			buildSettings = {
				ASSETCATALOG_COMPILER_APPICON_NAME = AppIcon;
				ASSETCATALOG_COMPILER_GLOBAL_ACCENT_COLOR_NAME = AccentColor;
				CODE_SIGN_STYLE = Automatic;
				CURRENT_PROJECT_VERSION = 1;
				DEVELOPMENT_ASSET_PATHS = "\"ecommerceApp/Preview Content\"";
				DEVELOPMENT_TEAM = 6H6VG8LT3A;
				ENABLE_PREVIEWS = YES;
				GENERATE_INFOPLIST_FILE = YES;
				INFOPLIST_KEY_CFBundleDisplayName = Ecommerce;
				INFOPLIST_KEY_UIApplicationSceneManifest_Generation = YES;
				INFOPLIST_KEY_UIApplicationSupportsIndirectInputEvents = YES;
				INFOPLIST_KEY_UILaunchScreen_Generation = YES;
				INFOPLIST_KEY_UISupportedInterfaceOrientations_iPad = "UIInterfaceOrientationPortrait UIInterfaceOrientationPortraitUpsideDown UIInterfaceOrientationLandscapeLeft UIInterfaceOrientationLandscapeRight";
				INFOPLIST_KEY_UISupportedInterfaceOrientations_iPhone = "UIInterfaceOrientationPortrait UIInterfaceOrientationLandscapeLeft UIInterfaceOrientationLandscapeRight";
				LD_RUNPATH_SEARCH_PATHS = (
					"$(inherited)",
					"@executable_path/Frameworks",
				);
				MARKETING_VERSION = 1.0;
				PRODUCT_BUNDLE_IDENTIFIER = com.innonexus.ecommerceApp;
				PRODUCT_NAME = "$(TARGET_NAME)";
				SWIFT_EMIT_LOC_STRINGS = YES;
				SWIFT_VERSION = 5.0;
				TARGETED_DEVICE_FAMILY = "1,2";
			};
			name = Release;
		};
/* End XCBuildConfiguration section */

/* Begin XCConfigurationList section */
		46CFAF522C2AA02200945928 /* Build configuration list for PBXProject "ecommerceApp" */ = {
			isa = XCConfigurationList;
			buildConfigurations = (
				46CFAF632C2AA02300945928 /* Debug */,
				46CFAF642C2AA02300945928 /* Release */,
			);
			defaultConfigurationIsVisible = 0;
			defaultConfigurationName = Release;
		};
		46CFAF652C2AA02300945928 /* Build configuration list for PBXNativeTarget "ecommerceApp" */ = {
			isa = XCConfigurationList;
			buildConfigurations = (
				46CFAF662C2AA02300945928 /* Debug */,
				46CFAF672C2AA02300945928 /* Release */,
			);
			defaultConfigurationIsVisible = 0;
			defaultConfigurationName = Release;
		};
/* End XCConfigurationList section */
	};
	rootObject = 46CFAF4F2C2AA02200945928 /* Project object */;
}
